
Microsoft Visual Studio Solution File, Format Version 12.00
# Visual Studio Version 16
VisualStudioVersion = 16.0.30114.105
MinimumVisualStudioVersion = 10.0.40219.1
Project("{FAE04EC0-301F-11D3-BF4B-00C04F79EFBC}") = "CalendarControl", "SatialInterfaces/CalendarControl.csproj", "{44AE23FB-5D6F-43E0-B2B9-7625FEA72BBD}"
EndProject
Project("{FAE04EC0-301F-11D3-BF4B-00C04F79EFBC}") = "SampleApp", "SampleApp/SampleApp.csproj", "{A41209C6-81B7-411D-9785-00CF8721296A}"
EndProject
Global
	GlobalSection(SolutionConfigurationPlatforms) = preSolution
		Debug|Any CPU = Debug|Any CPU
		Release|Any CPU = Release|Any CPU
	EndGlobalSection
	GlobalSection(SolutionProperties) = preSolution
		HideSolutionNode = FALSE
	EndGlobalSection
	GlobalSection(ProjectConfigurationPlatforms) = postSolution
		{44AE23FB-5D6F-43E0-B2B9-7625FEA72BBD}.Debug|Any CPU.ActiveCfg = Debug|Any CPU
		{44AE23FB-5D6F-43E0-B2B9-7625FEA72BBD}.Debug|Any CPU.Build.0 = Debug|Any CPU
		{44AE23FB-5D6F-43E0-B2B9-7625FEA72BBD}.Release|Any CPU.ActiveCfg = Release|Any CPU
		{44AE23FB-5D6F-43E0-B2B9-7625FEA72BBD}.Release|Any CPU.Build.0 = Release|Any CPU
		{A41209C6-81B7-411D-9785-00CF8721296A}.Debug|Any CPU.ActiveCfg = Debug|Any CPU
		{A41209C6-81B7-411D-9785-00CF8721296A}.Debug|Any CPU.Build.0 = Debug|Any CPU
		{A41209C6-81B7-411D-9785-00CF8721296A}.Release|Any CPU.ActiveCfg = Release|Any CPU
		{A41209C6-81B7-411D-9785-00CF8721296A}.Release|Any CPU.Build.0 = Release|Any CPU
	EndGlobalSection
EndGlobal
